Microsoft Visual Studio Solution File, Format Version 12.00
# Visual Studio 2012
Project("{FAE04EC0-301F-11D3-BF4B-00C04F79EFBC}") = "Ridiculous Stream", "Ridiculous Stream.csproj", "{51A27B7E-5744-4B10-A560-A1E828F964BF}"
EndProject
Global
	GlobalSection(SolutionConfigurationPlatforms) = preSolution
	Debug|Any CPU = Debug|Any CPU
	ExportDebug|Any CPU = ExportDebug|Any CPU
	ExportRelease|Any CPU = ExportRelease|Any CPU
	EndGlobalSection
	GlobalSection(ProjectConfigurationPlatforms) = postSolution
		{51A27B7E-5744-4B10-A560-A1E828F964BF}.Debug|Any CPU.ActiveCfg = Debug|Any CPU
		{51A27B7E-5744-4B10-A560-A1E828F964BF}.Debug|Any CPU.Build.0 = Debug|Any CPU
		{51A27B7E-5744-4B10-A560-A1E828F964BF}.ExportDebug|Any CPU.ActiveCfg = ExportDebug|Any CPU
		{51A27B7E-5744-4B10-A560-A1E828F964BF}.ExportDebug|Any CPU.Build.0 = ExportDebug|Any CPU
		{51A27B7E-5744-4B10-A560-A1E828F964BF}.ExportRelease|Any CPU.ActiveCfg = ExportRelease|Any CPU
		{51A27B7E-5744-4B10-A560-A1E828F964BF}.ExportRelease|Any CPU.Build.0 = ExportRelease|Any CPU
	EndGlobalSection
EndGlobal
